
Microsoft Visual Studio Solution File, Format Version 12.00
# Visual Studio 15
VisualStudioVersion = 15.0.28307.1401
MinimumVisualStudioVersion = 10.0.40219.1
Project("{FAE04EC0-301F-11D3-BF4B-00C04F79EFBC}") = "UPHealth", "UPHealth\UPHealth.csproj", "{5A9D1311-FC72-40C1-B7E0-F98960AA1209}"
EndProject
Global
	GlobalSection(SolutionConfigurationPlatforms) = preSolution
		Debug|x86 = Debug|x86
		Release|x86 = Release|x86
	EndGlobalSection
	GlobalSection(ProjectConfigurationPlatforms) = postSolution
		{5A9D1311-FC72-40C1-B7E0-F98960AA1209}.Debug|x86.ActiveCfg = Debug|x86
		{5A9D1311-FC72-40C1-B7E0-F98960AA1209}.Debug|x86.Build.0 = Debug|x86
		{5A9D1311-FC72-40C1-B7E0-F98960AA1209}.Release|x86.ActiveCfg = Release|x86
		{5A9D1311-FC72-40C1-B7E0-F98960AA1209}.Release|x86.Build.0 = Release|x86
	EndGlobalSection
	GlobalSection(SolutionProperties) = preSolution
		HideSolutionNode = FALSE
	EndGlobalSection
	GlobalSection(ExtensibilityGlobals) = postSolution
		SolutionGuid = {19F3D574-C71D-45C8-AFAE-6497D66BF8CF}
	EndGlobalSection
EndGlobal
